<?xml version="1.0" encoding="utf-8"?>
<Project ToolsVersion="4.0" xmlns="http://schemas.microsoft.com/developer/msbuild/2003">
  <ItemGroup>
    <Filter Include="Source Files">
      <UniqueIdentifier>{67bebf86-9539-4f7f-b9e9-a376519ec1f1}</UniqueIdentifier>
    </Filter>
    <Filter Include="Header Files">
      <UniqueIdentifier>{954a8f61-1c3e-419b-baca-c5e2b83c689a}</UniqueIdentifier>
    </Filter>
    <Filter Include="Assets">
      <UniqueIdentifier>{09095d68-bcd7-45c4-b007-5c8ddb5d60a4}</UniqueIdentifier>
    </Filter>
    <Filter Include="Assets\Shaders">
      <UniqueIdentifier>{8b0cb0c9-e0d8-4107-91c8-11654fac88e7}</UniqueIdentifier>
    </Filter>
    <Filter Include="Header Files\Util">
      <UniqueIdentifier>{500a71f9-a0df-431e-9f3b-5d4ab5e3942b}</UniqueIdentifier>
    </Filter>
    <Filter Include="Source Files\Util">
      <UniqueIdentifier>{93d5e482-943e-4182-8023-5676929aec55}</UniqueIdentifier>
    </Filter>
    <Filter Include="Assets\Shaders\ProceduralPrimitives">
      <UniqueIdentifier>{69efd3aa-04fd-4b1e-be35-61217582c550}</UniqueIdentifier>
    </Filter>
    <Filter Include="Source Files\CreatureGen">
      <UniqueIdentifier>{66c4e995-66c0-4155-b2ac-4feaa7b339da}</UniqueIdentifier>
    </Filter>
    <Filter Include="Header Files\CreatureGen">
      <UniqueIdentifier>{7872fa7b-009e-43ca-8e7d-8a893c67c14e}</UniqueIdentifier>
    </Filter>
    <Filter Include="Header Files\Marching">
      <UniqueIdentifier>{07cb50d4-ad98-4899-8986-431515f17188}</UniqueIdentifier>
    </Filter>
    <Filter Include="Source Files\Marching">
      <UniqueIdentifier>{8a5e3755-9b5e-4011-9130-1c9020f6630b}</UniqueIdentifier>
    </Filter>
  </ItemGroup>
  <ItemGroup>
    <ClInclude Include="stdafx.h">
      <Filter>Header Files</Filter>
    </ClInclude>
    <ClInclude Include="RaytracingHlslCompat.h">
      <Filter>Assets\Shaders</Filter>
    </ClInclude>
    <ClInclude Include="util\DeviceResources.h">
      <Filter>Header Files\Util</Filter>
    </ClInclude>
    <ClInclude Include="util\StepTimer.h">
      <Filter>Header Files\Util</Filter>
    </ClInclude>
    <ClInclude Include="util\Win32Application.h">
      <Filter>Header Files\Util</Filter>
    </ClInclude>
    <ClInclude Include="RaytracingSceneDefines.h">
      <Filter>Header Files</Filter>
    </ClInclude>
    <ClInclude Include="AnalyticPrimitives.hlsli">
      <Filter>Assets\Shaders\ProceduralPrimitives</Filter>
    </ClInclude>
    <ClInclude Include="ProceduralPrimitivesLibrary.hlsli">
      <Filter>Assets\Shaders\ProceduralPrimitives</Filter>
    </ClInclude>
    <ClInclude Include="VolumetricPrimitives.hlsli">
      <Filter>Assets\Shaders\ProceduralPrimitives</Filter>
    </ClInclude>
    <ClInclude Include="RaytracingShaderHelper.hlsli">
      <Filter>Assets\Shaders</Filter>
    </ClInclude>
    <ClInclude Include="util\PerformanceTimers.h">
      <Filter>Header Files\Util</Filter>
    </ClInclude>
    <ClInclude Include="util\DXProject.h">
      <Filter>Header Files\Util</Filter>
    </ClInclude>
    <ClInclude Include="util\DXProjectHelper.h">
      <Filter>Header Files\Util</Filter>
    </ClInclude>
    <ClInclude Include="DXR-Structs.h">
      <Filter>Header Files</Filter>
    </ClInclude>
    <ClInclude Include="DXProceduralProject.h">
      <Filter>Header Files</Filter>
    </ClInclude>
    <ClInclude Include="DirectXRaytracingHelper.h">
      <Filter>Header Files\Util</Filter>
    </ClInclude>
    <ClInclude Include="Creature.h">
      <Filter>Header Files\CreatureGen</Filter>
    </ClInclude>
    <ClInclude Include="Head.h">
      <Filter>Header Files\CreatureGen</Filter>
    </ClInclude>
    <ClInclude Include="Limb.h">
      <Filter>Header Files\CreatureGen</Filter>
    </ClInclude>
    <ClInclude Include="Spine.h">
      <Filter>Header Files\CreatureGen</Filter>
    </ClInclude>
    <ClInclude Include="Appendages.h">
      <Filter>Header Files\CreatureGen</Filter>
    </ClInclude>
    <ClInclude Include="Cases.h">
      <Filter>Header Files\Marching</Filter>
    </ClInclude>
    <ClInclude Include="CubePieces.h">
      <Filter>Header Files\Marching</Filter>
    </ClInclude>
    <ClInclude Include="March.h" />
    <ClInclude Include="SDFfuncs.h">
      <Filter>Header Files</Filter>
    </ClInclude>
    <ClInclude Include="Mesh.h">
      <Filter>Header Files</Filter>
    </ClInclude>
  </ItemGroup>
  <ItemGroup>
    <ClCompile Include="stdafx.cpp">
      <Filter>Source Files</Filter>
    </ClCompile>
    <ClCompile Include="Main.cpp">
      <Filter>Source Files</Filter>
    </ClCompile>
    <ClCompile Include="util\DeviceResources.cpp">
      <Filter>Source Files\Util</Filter>
    </ClCompile>
    <ClCompile Include="util\Win32Application.cpp">
      <Filter>Source Files\Util</Filter>
    </ClCompile>
    <ClCompile Include="util\PerformanceTimers.cpp">
      <Filter>Source Files\Util</Filter>
    </ClCompile>
    <ClCompile Include="util\DXProject.cpp">
      <Filter>Source Files\Util</Filter>
    </ClCompile>
    <ClCompile Include="DXR-AppLifeCyclecpp.cpp">
      <Filter>Source Files</Filter>
    </ClCompile>
    <ClCompile Include="DXR-Pipeline.cpp">
      <Filter>Source Files</Filter>
    </ClCompile>
    <ClCompile Include="DXR-ShaderNames.cpp">
      <Filter>Source Files</Filter>
    </ClCompile>
    <ClCompile Include="DXR-Geometry.cpp">
      <Filter>Source Files</Filter>
    </ClCompile>
    <ClCompile Include="DXR-Common.cpp">
      <Filter>Source Files</Filter>
    </ClCompile>
    <ClCompile Include="DXR-ShaderTable.cpp">
      <Filter>Source Files</Filter>
    </ClCompile>
    <ClCompile Include="DXR-DoRaytracing.cpp">
      <Filter>Source Files</Filter>
    </ClCompile>
    <ClCompile Include="DXR-DescriptorHeap.cpp">
      <Filter>Source Files</Filter>
    </ClCompile>
    <ClCompile Include="DXR-RootSignature.cpp">
      <Filter>Source Files</Filter>
    </ClCompile>
    <ClCompile Include="DXR-DynamicBuffers.cpp">
      <Filter>Source Files</Filter>
    </ClCompile>
    <ClCompile Include="DXR-HitGroup.cpp">
      <Filter>Source Files</Filter>
    </ClCompile>
    <ClCompile Include="DXR-Other.cpp">
      <Filter>Source Files</Filter>
    </ClCompile>
    <ClCompile Include="DXR-AccelerationStructure.cpp">
      <Filter>Source Files</Filter>
    </ClCompile>
    <ClCompile Include="Creature.cpp">
      <Filter>Source Files\CreatureGen</Filter>
    </ClCompile>
    <ClCompile Include="Head.cpp">
      <Filter>Source Files\CreatureGen</Filter>
    </ClCompile>
    <ClCompile Include="Limb.cpp">
      <Filter>Source Files\CreatureGen</Filter>
    </ClCompile>
    <ClCompile Include="Spine.cpp">
      <Filter>Source Files\CreatureGen</Filter>
    </ClCompile>
    <ClCompile Include="Appendages.cpp">
      <Filter>Source Files\CreatureGen</Filter>
    </ClCompile>
    <ClCompile Include="Cases.cpp">
      <Filter>Source Files\Marching</Filter>
    </ClCompile>
    <ClCompile Include="CubePieces.cpp">
      <Filter>Source Files\Marching</Filter>
    </ClCompile>
    <ClCompile Include="March.cpp" />
    <ClCompile Include="SDFfuncs.cpp">
      <Filter>Source Files</Filter>
    </ClCompile>
  </ItemGroup>
  <ItemGroup>
    <None Include="packages.config" />
    <None Include="..\..\..\..\..\..\2017-2018\CIS 566\Assignment 9\src\bodyParts\Head.ts">
      <Filter>Source Files\CreatureGen</Filter>
    </None>
    <None Include="..\..\..\..\..\..\2017-2018\CIS 566\Assignment 9\src\bodyParts\Limb.ts">
      <Filter>Source Files\CreatureGen</Filter>
    </None>
    <None Include="..\..\..\..\..\..\2017-2018\CIS 566\Assignment 9\src\bodyParts\Spine.ts">
      <Filter>Source Files\CreatureGen</Filter>
    </None>
    <None Include="..\..\..\..\..\..\2017-2018\CIS 566\Assignment 9\src\bodyParts\Creature.ts">
      <Filter>Source Files\CreatureGen</Filter>
    </None>
    <None Include="..\..\..\..\..\..\2017-2018\CIS 566\Assignment 9\src\bodyParts\Appendage.ts">
      <Filter>Source Files\CreatureGen</Filter>
    </None>
  </ItemGroup>
  <ItemGroup>
    <FxCompile Include="Raytracing.hlsl">
      <Filter>Assets\Shaders</Filter>
    </FxCompile>
  </ItemGroup>
</Project>